
Microsoft Visual Studio Solution File, Format Version 12.00
# Visual Studio Version 16
VisualStudioVersion = 16.0.29920.165
MinimumVisualStudioVersion = 10.0.40219.1
Project("{FAE04EC0-301F-11D3-BF4B-00C04F79EFBC}") = "BugTracker.UI", "BugTracker.UI\BugTracker.UI.csproj", "{A857BFDD-6FDD-488B-BF6F-927EAE8D037A}"
EndProject
Project("{FAE04EC0-301F-11D3-BF4B-00C04F79EFBC}") = "BugTracker.Library", "BugTracker.Library\BugTracker.Library.csproj", "{FBD4F9CF-AAC6-41C2-81BD-893A8BB45A25}"
EndProject
Global
	GlobalSection(SolutionConfigurationPlatforms) = preSolution
		Debug|Any CPU = Debug|Any CPU
		Release|Any CPU = Release|Any CPU
	EndGlobalSection
	GlobalSection(ProjectConfigurationPlatforms) = postSolution
		{A857BFDD-6FDD-488B-BF6F-927EAE8D037A}.Debug|Any CPU.ActiveCfg = Debug|Any CPU
		{A857BFDD-6FDD-488B-BF6F-927EAE8D037A}.Debug|Any CPU.Build.0 = Debug|Any CPU
		{A857BFDD-6FDD-488B-BF6F-927EAE8D037A}.Release|Any CPU.ActiveCfg = Release|Any CPU
		{A857BFDD-6FDD-488B-BF6F-927EAE8D037A}.Release|Any CPU.Build.0 = Release|Any CPU
		{FBD4F9CF-AAC6-41C2-81BD-893A8BB45A25}.Debug|Any CPU.ActiveCfg = Debug|Any CPU
		{FBD4F9CF-AAC6-41C2-81BD-893A8BB45A25}.Debug|Any CPU.Build.0 = Debug|Any CPU
		{FBD4F9CF-AAC6-41C2-81BD-893A8BB45A25}.Release|Any CPU.ActiveCfg = Release|Any CPU
		{FBD4F9CF-AAC6-41C2-81BD-893A8BB45A25}.Release|Any CPU.Build.0 = Release|Any CPU
	EndGlobalSection
	GlobalSection(SolutionProperties) = preSolution
		HideSolutionNode = FALSE
	EndGlobalSection
	GlobalSection(ExtensibilityGlobals) = postSolution
		SolutionGuid = {F8758BB8-F959-4713-A252-27585CD6FCFE}
	EndGlobalSection
EndGlobal
